
Microsoft Visual Studio Solution File, Format Version 12.00
# Visual Studio 2012
Project("{FAE04EC0-301F-11D3-BF4B-00C04F79EFBC}") = "TestProject", "TestProject\TestProject.csproj", "{7079D491-CE7F-4A70-88AA-989BEFBBB1E6}"
EndProject
Project("{FAE04EC0-301F-11D3-BF4B-00C04F79EFBC}") = "TestProject.Tests", "TestProject.Tests\TestProject.Tests.csproj", "{E165DDFB-1374-4247-A9BA-9EDE55F77291}"
EndProject
Global
	GlobalSection(SolutionConfigurationPlatforms) = preSolution
		Debug|Any CPU = Debug|Any CPU
		Release|Any CPU = Release|Any CPU
	EndGlobalSection
	GlobalSection(ProjectConfigurationPlatforms) = postSolution
		{7079D491-CE7F-4A70-88AA-989BEFBBB1E6}.Debug|Any CPU.ActiveCfg = Debug|Any CPU
		{7079D491-CE7F-4A70-88AA-989BEFBBB1E6}.Debug|Any CPU.Build.0 = Debug|Any CPU
		{7079D491-CE7F-4A70-88AA-989BEFBBB1E6}.Release|Any CPU.ActiveCfg = Release|Any CPU
		{7079D491-CE7F-4A70-88AA-989BEFBBB1E6}.Release|Any CPU.Build.0 = Release|Any CPU
		{E165DDFB-1374-4247-A9BA-9EDE55F77291}.Debug|Any CPU.ActiveCfg = Debug|Any CPU
		{E165DDFB-1374-4247-A9BA-9EDE55F77291}.Debug|Any CPU.Build.0 = Debug|Any CPU
		{E165DDFB-1374-4247-A9BA-9EDE55F77291}.Release|Any CPU.ActiveCfg = Release|Any CPU
		{E165DDFB-1374-4247-A9BA-9EDE55F77291}.Release|Any CPU.Build.0 = Release|Any CPU
	EndGlobalSection
EndGlobal
